# @generated by Move, please check-in and do not edit manually.

[move]
version = 3
manifest_digest = "6DBD977BDFC11E9D10C7CA6DDA93ED4DF9C9D354DBB5A21B4D81125BBBFACCF3"
deps_digest = "F8BBB0CCB2491CA29A3DF03D6F92277A4F3574266507ACD77214D37ECA3F3082"
dependencies = [
  { id = "Sui", name = "Sui" },
]

[[move.package]]
id = "MoveStdlib"
source = { git = "https://github.com/MystenLabs/sui.git", rev = "framework/mainnet", subdir = "crates/sui-framework/packages/move-stdlib" }

[[move.package]]
id = "Sui"
source = { git = "https://github.com/MystenLabs/sui.git", rev = "framework/mainnet", subdir = "crates/sui-framework/packages/sui-framework" }

dependencies = [
  { id = "MoveStdlib", name = "MoveStdlib" },
]

[move.toolchain-version]
compiler-version = "1.50.0"
edition = "2024"
flavor = "sui"

[env]

[env.testnet]
chain-id = "4c78adac"
original-published-id = "0x9eb29a48ce04046af6c3d1e759246062c14d45c1be66effd3c29c864bbc23e1f"
latest-published-id = "0x9eb29a48ce04046af6c3d1e759246062c14d45c1be66effd3c29c864bbc23e1f"
published-version = "1"
